Microsoft Visual Studio Solution File, Format Version 12.00
# Visual Studio Version 17
VisualStudioVersion = 17.0.31903.59
MinimumVisualStudioVersion = 10.0.40219.1
Project("{FAE04EC0-301F-11D3-BF4B-00C04F79EFBC}") = "MyMath", "MyMath\MyMath.csproj", "{C8529587-FA5F-4756-BFCC-59D1A9AAADB8}"
EndProject
Project("{FAE04EC0-301F-11D3-BF4B-00C04F79EFBC}") = "MyMath.Tests", "MyMath.Tests\MyMath.Tests.csproj", "{BDE626EB-5F53-4AAF-953A-ECF05D0EB020}"
EndProject
Global
	GlobalSection(SolutionConfigurationPlatforms) = preSolution
		Debug|Any CPU = Debug|Any CPU
		Debug|x64 = Debug|x64
		Debug|x86 = Debug|x86
		Release|Any CPU = Release|Any CPU
		Release|x64 = Release|x64
		Release|x86 = Release|x86
	EndGlobalSection
	GlobalSection(ProjectConfigurationPlatforms) = postSolution
		{C8529587-FA5F-4756-BFCC-59D1A9AAADB8}.Debug|Any CPU.ActiveCfg = Debug|Any CPU
		{C8529587-FA5F-4756-BFCC-59D1A9AAADB8}.Debug|Any CPU.Build.0 = Debug|Any CPU
		{C8529587-FA5F-4756-BFCC-59D1A9AAADB8}.Debug|x64.ActiveCfg = Debug|Any CPU
		{C8529587-FA5F-4756-BFCC-59D1A9AAADB8}.Debug|x64.Build.0 = Debug|Any CPU
		{C8529587-FA5F-4756-BFCC-59D1A9AAADB8}.Debug|x86.ActiveCfg = Debug|Any CPU
		{C8529587-FA5F-4756-BFCC-59D1A9AAADB8}.Debug|x86.Build.0 = Debug|Any CPU
		{C8529587-FA5F-4756-BFCC-59D1A9AAADB8}.Release|Any CPU.ActiveCfg = Release|Any CPU
		{C8529587-FA5F-4756-BFCC-59D1A9AAADB8}.Release|Any CPU.Build.0 = Release|Any CPU
		{C8529587-FA5F-4756-BFCC-59D1A9AAADB8}.Release|x64.ActiveCfg = Release|Any CPU
		{C8529587-FA5F-4756-BFCC-59D1A9AAADB8}.Release|x64.Build.0 = Release|Any CPU
		{C8529587-FA5F-4756-BFCC-59D1A9AAADB8}.Release|x86.ActiveCfg = Release|Any CPU
		{C8529587-FA5F-4756-BFCC-59D1A9AAADB8}.Release|x86.Build.0 = Release|Any CPU
		{BDE626EB-5F53-4AAF-953A-ECF05D0EB020}.Debug|Any CPU.ActiveCfg = Debug|Any CPU
		{BDE626EB-5F53-4AAF-953A-ECF05D0EB020}.Debug|Any CPU.Build.0 = Debug|Any CPU
		{BDE626EB-5F53-4AAF-953A-ECF05D0EB020}.Debug|x64.ActiveCfg = Debug|Any CPU
		{BDE626EB-5F53-4AAF-953A-ECF05D0EB020}.Debug|x64.Build.0 = Debug|Any CPU
		{BDE626EB-5F53-4AAF-953A-ECF05D0EB020}.Debug|x86.ActiveCfg = Debug|Any CPU
		{BDE626EB-5F53-4AAF-953A-ECF05D0EB020}.Debug|x86.Build.0 = Debug|Any CPU
		{BDE626EB-5F53-4AAF-953A-ECF05D0EB020}.Release|Any CPU.ActiveCfg = Release|Any CPU
		{BDE626EB-5F53-4AAF-953A-ECF05D0EB020}.Release|Any CPU.Build.0 = Release|Any CPU
		{BDE626EB-5F53-4AAF-953A-ECF05D0EB020}.Release|x64.ActiveCfg = Release|Any CPU
		{BDE626EB-5F53-4AAF-953A-ECF05D0EB020}.Release|x64.Build.0 = Release|Any CPU
		{BDE626EB-5F53-4AAF-953A-ECF05D0EB020}.Release|x86.ActiveCfg = Release|Any CPU
		{BDE626EB-5F53-4AAF-953A-ECF05D0EB020}.Release|x86.Build.0 = Release|Any CPU
	EndGlobalSection
	GlobalSection(SolutionProperties) = preSolution
		HideSolutionNode = FALSE
	EndGlobalSection
EndGlobal
